
Microsoft Visual Studio Solution File, Format Version 12.00
# Visual Studio 14
VisualStudioVersion = 14.0.25420.1
MinimumVisualStudioVersion = 10.0.40219.1
Project("{FAE04EC0-301F-11D3-BF4B-00C04F79EFBC}") = "TriangleArea", "TriangleArea\TriangleArea.csproj", "{03BE6334-9230-48F3-AE93-3EA0538C74C3}"
EndProject
Project("{FAE04EC0-301F-11D3-BF4B-00C04F79EFBC}") = "Bricks", "Bricks\Bricks.csproj", "{CE30F6D0-CE75-4A7B-92B2-7C9CFC59291B}"
EndProject
Project("{FAE04EC0-301F-11D3-BF4B-00C04F79EFBC}") = "PointOnSegment", "PointOnSegment\PointOnSegment.csproj", "{8E9B7466-C7F0-491F-A6E5-5C375B14C9D0}"
EndProject
Project("{FAE04EC0-301F-11D3-BF4B-00C04F79EFBC}") = "PointInFigure", "PointInFigure\PointInFigure.csproj", "{961910B4-B94B-48E1-8128-ABABFEE0278A}"
EndProject
Project("{FAE04EC0-301F-11D3-BF4B-00C04F79EFBC}") = "Point-in-Figure", "Point-in-Figure\Point-in-Figure.csproj", "{FEC2E24A-E2C4-47C3-B73F-EC0F8331B9F5}"
EndProject
Project("{FAE04EC0-301F-11D3-BF4B-00C04F79EFBC}") = "DateAfter5Days", "DateAfter5Days\DateAfter5Days.csproj", "{4FD0AABE-8D3E-4029-A713-E5464D9CACB4}"
EndProject
Project("{FAE04EC0-301F-11D3-BF4B-00C04F79EFBC}") = "DateAfterFiveDays", "DateAfterFiveDays\DateAfterFiveDays.csproj", "{D9188D7B-693E-42EC-9506-8CE3F3E81459}"
EndProject
Project("{FAE04EC0-301F-11D3-BF4B-00C04F79EFBC}") = "SumsThreeNumbers", "SumsThreeNumbers\SumsThreeNumbers.csproj", "{B9FB7767-746F-449C-B64A-B72CDB61E194}"
EndProject
Project("{FAE04EC0-301F-11D3-BF4B-00C04F79EFBC}") = "SumsStep3", "SumsStep3\SumsStep3.csproj", "{542E7964-46CC-448F-8728-6817D31CB1BC}"
EndProject
Project("{FAE04EC0-301F-11D3-BF4B-00C04F79EFBC}") = "IncreasingElements", "IncreasingElements\IncreasingElements.csproj", "{3BA2159F-3848-42A7-B0FB-9BE5028E79FC}"
EndProject
Project("{FAE04EC0-301F-11D3-BF4B-00C04F79EFBC}") = "PerfectDiamond", "PerfectDiamond\PerfectDiamond.csproj", "{86339D4E-11FA-44E3-8B4B-250881164BC8}"
EndProject
Project("{FAE04EC0-301F-11D3-BF4B-00C04F79EFBC}") = "RectangleWithStars", "RectangleWithStars\RectangleWithStars.csproj", "{0B8F85A7-C3ED-43DD-8FBB-F36A49D39BC4}"
EndProject
Project("{FAE04EC0-301F-11D3-BF4B-00C04F79EFBC}") = "Increasing4Numbers", "Increasing4Numbers\Increasing4Numbers.csproj", "{1BE5DBBD-D0C1-41F2-AE5F-6F7BD1D9463D}"
EndProject
Project("{FAE04EC0-301F-11D3-BF4B-00C04F79EFBC}") = "GenerateRectangles", "GenerateRectangles\GenerateRectangles.csproj", "{D799235A-FAB9-4F72-8CC2-5443F569F8C4}"
EndProject
Project("{FAE04EC0-301F-11D3-BF4B-00C04F79EFBC}") = "TrainingLab", "TrainingLab\TrainingLab.csproj", "{5BA06329-C25A-43FF-8812-B39A1B8A7FEB}"
EndProject
Project("{FAE04EC0-301F-11D3-BF4B-00C04F79EFBC}") = "TransportPrice", "TransportPrice\TransportPrice.csproj", "{47CDB61A-2AD8-47F1-9E18-A3FD0B732392}"
EndProject
Project("{FAE04EC0-301F-11D3-BF4B-00C04F79EFBC}") = "OnTimeForTheExam", "OnTimeForTheExam\OnTimeForTheExam.csproj", "{89C1BC6E-4E49-4259-9BCE-842D87B724AC}"
EndProject
Project("{FAE04EC0-301F-11D3-BF4B-00C04F79EFBC}") = "Histogram", "Histogram\Histogram.csproj", "{0C6744B8-B8E8-4F3E-955D-949B5B5D4FA0}"
EndProject
Project("{FAE04EC0-301F-11D3-BF4B-00C04F79EFBC}") = "DrawFort", "DrawFort\DrawFort.csproj", "{2D5D2CBE-77C5-46E1-B61F-5F6CC0BF3D39}"
EndProject
Project("{FAE04EC0-301F-11D3-BF4B-00C04F79EFBC}") = "StupidPasswordGenerator", "StupidPasswordGenerator\StupidPasswordGenerator.csproj", "{78D4F983-E210-46EC-BD5E-17C4527E234D}"
EndProject
Project("{FAE04EC0-301F-11D3-BF4B-00C04F79EFBC}") = "VegetableMarket", "VegetableMarket\VegetableMarket.csproj", "{6F347569-6AAF-402A-8BE1-5B46E615B7F1}"
EndProject
Project("{FAE04EC0-301F-11D3-BF4B-00C04F79EFBC}") = "PoolPipes", "PoolPipes\PoolPipes.csproj", "{B62350DD-6CBD-4D47-AD79-5F3B95DD646F}"
EndProject
Project("{FAE04EC0-301F-11D3-BF4B-00C04F79EFBC}") = "Trip", "Trip\Trip.csproj", "{78E4A9CC-E5EF-4F69-97B7-AD012C5D2F4F}"
EndProject
Project("{FAE04EC0-301F-11D3-BF4B-00C04F79EFBC}") = "Division", "Division\Division.csproj", "{D31DCDAA-1913-4237-9FF2-031C6E3B1CF3}"
EndProject
Project("{FAE04EC0-301F-11D3-BF4B-00C04F79EFBC}") = "Butterfly", "Butterfly\Butterfly.csproj", "{D00F6AD3-E4EE-44CC-B2D6-B505A03BAB07}"
EndProject
Project("{FAE04EC0-301F-11D3-BF4B-00C04F79EFBC}") = "MagicCombination", "MagicCombination\MagicCombination.csproj", "{C39F4D53-3A79-41F0-918A-46DA3C4FF82B}"
EndProject
Project("{FAE04EC0-301F-11D3-BF4B-00C04F79EFBC}") = "MagicNumbers", "MagicNumbers\MagicNumbers.csproj", "{B5753A03-8D27-4036-8B01-214C4A7278C8}"
EndProject
Project("{FAE04EC0-301F-11D3-BF4B-00C04F79EFBC}") = "TilesRepair", "TilesRepair\TilesRepair.csproj", "{82FE2F80-457E-47DD-BB0A-652297CF623D}"
EndProject
Project("{FAE04EC0-301F-11D3-BF4B-00C04F79EFBC}") = "SleepyCatTom", "SleepyCatTom\SleepyCatTom.csproj", "{A83C8B9C-2361-41E3-B084-BB72177DDB4D}"
EndProject
Project("{FAE04EC0-301F-11D3-BF4B-00C04F79EFBC}") = "Operations", "Operations\Operations.csproj", "{577E5F8F-E950-47A7-A5B8-3C3E72348CB7}"
EndProject
Project("{FAE04EC0-301F-11D3-BF4B-00C04F79EFBC}") = "SmartLily", "SmartLily\SmartLily.csproj", "{F7FF777D-5CDD-442B-8E1C-73AA30E93205}"
EndProject
Project("{FAE04EC0-301F-11D3-BF4B-00C04F79EFBC}") = "Stop", "Stop\Stop.csproj", "{C5AB59EF-0505-4ECF-B0C9-9202213C5575}"
EndProject
Project("{FAE04EC0-301F-11D3-BF4B-00C04F79EFBC}") = "SpecialNumbers", "SpecialNumbers\SpecialNumbers.csproj", "{7DB74A53-7011-40E5-BFC1-A32038EE2F7A}"
EndProject
Project("{FAE04EC0-301F-11D3-BF4B-00C04F79EFBC}") = "SpecialNumbers1", "SpecialNumbers1\SpecialNumbers1.csproj", "{6C892D76-1AFE-4B5F-BEF7-A200EC19566D}"
EndProject
Project("{FAE04EC0-301F-11D3-BF4B-00C04F79EFBC}") = "Money", "Money\Money.csproj", "{020D9B1D-835A-47C0-A79A-F075D62E7CCD}"
EndProject
Project("{FAE04EC0-301F-11D3-BF4B-00C04F79EFBC}") = "Harvest", "Harvest\Harvest.csproj", "{0598170F-453B-4D85-9376-7169A576BED8}"
EndProject
Project("{FAE04EC0-301F-11D3-BF4B-00C04F79EFBC}") = "MatchTickets", "MatchTickets\MatchTickets.csproj", "{0532CF1B-2B31-4952-9B7F-4A7598AD704B}"
EndProject
Project("{FAE04EC0-301F-11D3-BF4B-00C04F79EFBC}") = "BackToThePast", "BackToThePast\BackToThePast.csproj", "{8729CEC6-4A35-40F5-8406-FC80302924A4}"
EndProject
Project("{FAE04EC0-301F-11D3-BF4B-00C04F79EFBC}") = "Diamond", "Diamond\Diamond.csproj", "{A19FF560-AFCF-4325-B65A-E6D8C0B49470}"
EndProject
Project("{FAE04EC0-301F-11D3-BF4B-00C04F79EFBC}") = "StopNumber", "StopNumber\StopNumber.csproj", "{4D189A02-50DA-4A0E-986B-3D0701054A8B}"
EndProject
Project("{FAE04EC0-301F-11D3-BF4B-00C04F79EFBC}") = "Profit", "Profit\Profit.csproj", "{D7A03A08-83C8-49D7-99D2-D68EF1E051ED}"
EndProject
Project("{FAE04EC0-301F-11D3-BF4B-00C04F79EFBC}") = "Firm", "Firm\Firm.csproj", "{0BF7B118-C2E2-4CDB-86B0-952BE25117C0}"
EndProject
Project("{FAE04EC0-301F-11D3-BF4B-00C04F79EFBC}") = "HotelRoom", "HotelRoom\HotelRoom.csproj", "{571558E4-DE7F-4644-BD7A-7E20AE6C49D6}"
EndProject
Project("{FAE04EC0-301F-11D3-BF4B-00C04F79EFBC}") = "Hospital", "Hospital\Hospital.csproj", "{2D024E9A-4F20-4BDD-B316-EF5BB64E0277}"
EndProject
Project("{FAE04EC0-301F-11D3-BF4B-00C04F79EFBC}") = "Axe", "Axe\Axe.csproj", "{34B81FC9-DBE3-42B1-A2B5-E1C51CB1935D}"
EndProject
Project("{FAE04EC0-301F-11D3-BF4B-00C04F79EFBC}") = "Digits", "Digits\Digits.csproj", "{BDBC8F4F-A85E-49B4-99A3-C265A9AA22BA}"
EndProject
Project("{FAE04EC0-301F-11D3-BF4B-00C04F79EFBC}") = "HungryGarfield", "HungryGarfield\HungryGarfield.csproj", "{E8299F22-6FA2-4F46-83F0-979EF4EBC42F}"
EndProject
Project("{FAE04EC0-301F-11D3-BF4B-00C04F79EFBC}") = "FallenInLove", "FallenInLove\FallenInLove.csproj", "{5316D1D3-C380-40F2-94CA-24858CF69C13}"
EndProject
Project("{FAE04EC0-301F-11D3-BF4B-00C04F79EFBC}") = "CakeTycoon", "CakeTycoon\CakeTycoon.csproj", "{BDFB38F6-DF7D-491B-99EC-E1410F9D3817}"
EndProject
Project("{FAE04EC0-301F-11D3-BF4B-00C04F79EFBC}") = "IlluminatiLock", "IlluminatiLock\IlluminatiLock.csproj", "{96B3F540-4363-4643-B91B-FC2258C60F3F}"
EndProject
Project("{FAE04EC0-301F-11D3-BF4B-00C04F79EFBC}") = "AceOfDiamonds", "AceOfDiamonds\AceOfDiamonds.csproj", "{62D9FB12-AC24-4317-8AD3-D47ABFB3AAE0}"
EndProject
Project("{FAE04EC0-301F-11D3-BF4B-00C04F79EFBC}") = "FourFactors", "FourFactors\FourFactors.csproj", "{30624414-D71F-4F84-B1D3-9A14BD66F8F5}"
EndProject
Project("{FAE04EC0-301F-11D3-BF4B-00C04F79EFBC}") = "ChristmasTree", "ChristmasTree\ChristmasTree.csproj", "{3CF1F728-7484-4BEB-A7BC-FA41361B50CC}"
EndProject
Project("{FAE04EC0-301F-11D3-BF4B-00C04F79EFBC}") = "LocalElection", "LocalElection\LocalElection.csproj", "{9450F4B9-DADF-4389-AA59-457703C3371F}"
EndProject
Project("{FAE04EC0-301F-11D3-BF4B-00C04F79EFBC}") = "DreamItem", "DreamItem\DreamItem.csproj", "{D91302AF-CB90-4C2F-98E3-64ABA36EFE02}"
EndProject
Global
	GlobalSection(SolutionConfigurationPlatforms) = preSolution
		Debug|Any CPU = Debug|Any CPU
		Release|Any CPU = Release|Any CPU
	EndGlobalSection
	GlobalSection(ProjectConfigurationPlatforms) = postSolution
		{03BE6334-9230-48F3-AE93-3EA0538C74C3}.Debug|Any CPU.ActiveCfg = Debug|Any CPU
		{03BE6334-9230-48F3-AE93-3EA0538C74C3}.Debug|Any CPU.Build.0 = Debug|Any CPU
		{03BE6334-9230-48F3-AE93-3EA0538C74C3}.Release|Any CPU.ActiveCfg = Release|Any CPU
		{03BE6334-9230-48F3-AE93-3EA0538C74C3}.Release|Any CPU.Build.0 = Release|Any CPU
		{CE30F6D0-CE75-4A7B-92B2-7C9CFC59291B}.Debug|Any CPU.ActiveCfg = Debug|Any CPU
		{CE30F6D0-CE75-4A7B-92B2-7C9CFC59291B}.Debug|Any CPU.Build.0 = Debug|Any CPU
		{CE30F6D0-CE75-4A7B-92B2-7C9CFC59291B}.Release|Any CPU.ActiveCfg = Release|Any CPU
		{CE30F6D0-CE75-4A7B-92B2-7C9CFC59291B}.Release|Any CPU.Build.0 = Release|Any CPU
		{8E9B7466-C7F0-491F-A6E5-5C375B14C9D0}.Debug|Any CPU.ActiveCfg = Debug|Any CPU
		{8E9B7466-C7F0-491F-A6E5-5C375B14C9D0}.Debug|Any CPU.Build.0 = Debug|Any CPU
		{8E9B7466-C7F0-491F-A6E5-5C375B14C9D0}.Release|Any CPU.ActiveCfg = Release|Any CPU
		{8E9B7466-C7F0-491F-A6E5-5C375B14C9D0}.Release|Any CPU.Build.0 = Release|Any CPU
		{961910B4-B94B-48E1-8128-ABABFEE0278A}.Debug|Any CPU.ActiveCfg = Debug|Any CPU
		{961910B4-B94B-48E1-8128-ABABFEE0278A}.Debug|Any CPU.Build.0 = Debug|Any CPU
		{961910B4-B94B-48E1-8128-ABABFEE0278A}.Release|Any CPU.ActiveCfg = Release|Any CPU
		{961910B4-B94B-48E1-8128-ABABFEE0278A}.Release|Any CPU.Build.0 = Release|Any CPU
		{FEC2E24A-E2C4-47C3-B73F-EC0F8331B9F5}.Debug|Any CPU.ActiveCfg = Debug|Any CPU
		{FEC2E24A-E2C4-47C3-B73F-EC0F8331B9F5}.Debug|Any CPU.Build.0 = Debug|Any CPU
		{FEC2E24A-E2C4-47C3-B73F-EC0F8331B9F5}.Release|Any CPU.ActiveCfg = Release|Any CPU
		{FEC2E24A-E2C4-47C3-B73F-EC0F8331B9F5}.Release|Any CPU.Build.0 = Release|Any CPU
		{4FD0AABE-8D3E-4029-A713-E5464D9CACB4}.Debug|Any CPU.ActiveCfg = Debug|Any CPU
		{4FD0AABE-8D3E-4029-A713-E5464D9CACB4}.Debug|Any CPU.Build.0 = Debug|Any CPU
		{4FD0AABE-8D3E-4029-A713-E5464D9CACB4}.Release|Any CPU.ActiveCfg = Release|Any CPU
		{4FD0AABE-8D3E-4029-A713-E5464D9CACB4}.Release|Any CPU.Build.0 = Release|Any CPU
		{D9188D7B-693E-42EC-9506-8CE3F3E81459}.Debug|Any CPU.ActiveCfg = Debug|Any CPU
		{D9188D7B-693E-42EC-9506-8CE3F3E81459}.Debug|Any CPU.Build.0 = Debug|Any CPU
		{D9188D7B-693E-42EC-9506-8CE3F3E81459}.Release|Any CPU.ActiveCfg = Release|Any CPU
		{D9188D7B-693E-42EC-9506-8CE3F3E81459}.Release|Any CPU.Build.0 = Release|Any CPU
		{B9FB7767-746F-449C-B64A-B72CDB61E194}.Debug|Any CPU.ActiveCfg = Debug|Any CPU
		{B9FB7767-746F-449C-B64A-B72CDB61E194}.Debug|Any CPU.Build.0 = Debug|Any CPU
		{B9FB7767-746F-449C-B64A-B72CDB61E194}.Release|Any CPU.ActiveCfg = Release|Any CPU
		{B9FB7767-746F-449C-B64A-B72CDB61E194}.Release|Any CPU.Build.0 = Release|Any CPU
		{542E7964-46CC-448F-8728-6817D31CB1BC}.Debug|Any CPU.ActiveCfg = Debug|Any CPU
		{542E7964-46CC-448F-8728-6817D31CB1BC}.Debug|Any CPU.Build.0 = Debug|Any CPU
		{542E7964-46CC-448F-8728-6817D31CB1BC}.Release|Any CPU.ActiveCfg = Release|Any CPU
		{542E7964-46CC-448F-8728-6817D31CB1BC}.Release|Any CPU.Build.0 = Release|Any CPU
		{3BA2159F-3848-42A7-B0FB-9BE5028E79FC}.Debug|Any CPU.ActiveCfg = Debug|Any CPU
		{3BA2159F-3848-42A7-B0FB-9BE5028E79FC}.Debug|Any CPU.Build.0 = Debug|Any CPU
		{3BA2159F-3848-42A7-B0FB-9BE5028E79FC}.Release|Any CPU.ActiveCfg = Release|Any CPU
		{3BA2159F-3848-42A7-B0FB-9BE5028E79FC}.Release|Any CPU.Build.0 = Release|Any CPU
		{86339D4E-11FA-44E3-8B4B-250881164BC8}.Debug|Any CPU.ActiveCfg = Debug|Any CPU
		{86339D4E-11FA-44E3-8B4B-250881164BC8}.Debug|Any CPU.Build.0 = Debug|Any CPU
		{86339D4E-11FA-44E3-8B4B-250881164BC8}.Release|Any CPU.ActiveCfg = Release|Any CPU
		{86339D4E-11FA-44E3-8B4B-250881164BC8}.Release|Any CPU.Build.0 = Release|Any CPU
		{0B8F85A7-C3ED-43DD-8FBB-F36A49D39BC4}.Debug|Any CPU.ActiveCfg = Debug|Any CPU
		{0B8F85A7-C3ED-43DD-8FBB-F36A49D39BC4}.Debug|Any CPU.Build.0 = Debug|Any CPU
		{0B8F85A7-C3ED-43DD-8FBB-F36A49D39BC4}.Release|Any CPU.ActiveCfg = Release|Any CPU
		{0B8F85A7-C3ED-43DD-8FBB-F36A49D39BC4}.Release|Any CPU.Build.0 = Release|Any CPU
		{1BE5DBBD-D0C1-41F2-AE5F-6F7BD1D9463D}.Debug|Any CPU.ActiveCfg = Debug|Any CPU
		{1BE5DBBD-D0C1-41F2-AE5F-6F7BD1D9463D}.Debug|Any CPU.Build.0 = Debug|Any CPU
		{1BE5DBBD-D0C1-41F2-AE5F-6F7BD1D9463D}.Release|Any CPU.ActiveCfg = Release|Any CPU
		{1BE5DBBD-D0C1-41F2-AE5F-6F7BD1D9463D}.Release|Any CPU.Build.0 = Release|Any CPU
		{D799235A-FAB9-4F72-8CC2-5443F569F8C4}.Debug|Any CPU.ActiveCfg = Debug|Any CPU
		{D799235A-FAB9-4F72-8CC2-5443F569F8C4}.Debug|Any CPU.Build.0 = Debug|Any CPU
		{D799235A-FAB9-4F72-8CC2-5443F569F8C4}.Release|Any CPU.ActiveCfg = Release|Any CPU
		{D799235A-FAB9-4F72-8CC2-5443F569F8C4}.Release|Any CPU.Build.0 = Release|Any CPU
		{5BA06329-C25A-43FF-8812-B39A1B8A7FEB}.Debug|Any CPU.ActiveCfg = Debug|Any CPU
		{5BA06329-C25A-43FF-8812-B39A1B8A7FEB}.Debug|Any CPU.Build.0 = Debug|Any CPU
		{5BA06329-C25A-43FF-8812-B39A1B8A7FEB}.Release|Any CPU.ActiveCfg = Release|Any CPU
		{5BA06329-C25A-43FF-8812-B39A1B8A7FEB}.Release|Any CPU.Build.0 = Release|Any CPU
		{47CDB61A-2AD8-47F1-9E18-A3FD0B732392}.Debug|Any CPU.ActiveCfg = Debug|Any CPU
		{47CDB61A-2AD8-47F1-9E18-A3FD0B732392}.Debug|Any CPU.Build.0 = Debug|Any CPU
		{47CDB61A-2AD8-47F1-9E18-A3FD0B732392}.Release|Any CPU.ActiveCfg = Release|Any CPU
		{47CDB61A-2AD8-47F1-9E18-A3FD0B732392}.Release|Any CPU.Build.0 = Release|Any CPU
		{89C1BC6E-4E49-4259-9BCE-842D87B724AC}.Debug|Any CPU.ActiveCfg = Debug|Any CPU
		{89C1BC6E-4E49-4259-9BCE-842D87B724AC}.Debug|Any CPU.Build.0 = Debug|Any CPU
		{89C1BC6E-4E49-4259-9BCE-842D87B724AC}.Release|Any CPU.ActiveCfg = Release|Any CPU
		{89C1BC6E-4E49-4259-9BCE-842D87B724AC}.Release|Any CPU.Build.0 = Release|Any CPU
		{0C6744B8-B8E8-4F3E-955D-949B5B5D4FA0}.Debug|Any CPU.ActiveCfg = Debug|Any CPU
		{0C6744B8-B8E8-4F3E-955D-949B5B5D4FA0}.Debug|Any CPU.Build.0 = Debug|Any CPU
		{0C6744B8-B8E8-4F3E-955D-949B5B5D4FA0}.Release|Any CPU.ActiveCfg = Release|Any CPU
		{0C6744B8-B8E8-4F3E-955D-949B5B5D4FA0}.Release|Any CPU.Build.0 = Release|Any CPU
		{2D5D2CBE-77C5-46E1-B61F-5F6CC0BF3D39}.Debug|Any CPU.ActiveCfg = Debug|Any CPU
		{2D5D2CBE-77C5-46E1-B61F-5F6CC0BF3D39}.Debug|Any CPU.Build.0 = Debug|Any CPU
		{2D5D2CBE-77C5-46E1-B61F-5F6CC0BF3D39}.Release|Any CPU.ActiveCfg = Release|Any CPU
		{2D5D2CBE-77C5-46E1-B61F-5F6CC0BF3D39}.Release|Any CPU.Build.0 = Release|Any CPU
		{78D4F983-E210-46EC-BD5E-17C4527E234D}.Debug|Any CPU.ActiveCfg = Debug|Any CPU
		{78D4F983-E210-46EC-BD5E-17C4527E234D}.Debug|Any CPU.Build.0 = Debug|Any CPU
		{78D4F983-E210-46EC-BD5E-17C4527E234D}.Release|Any CPU.ActiveCfg = Release|Any CPU
		{78D4F983-E210-46EC-BD5E-17C4527E234D}.Release|Any CPU.Build.0 = Release|Any CPU
		{6F347569-6AAF-402A-8BE1-5B46E615B7F1}.Debug|Any CPU.ActiveCfg = Debug|Any CPU
		{6F347569-6AAF-402A-8BE1-5B46E615B7F1}.Debug|Any CPU.Build.0 = Debug|Any CPU
		{6F347569-6AAF-402A-8BE1-5B46E615B7F1}.Release|Any CPU.ActiveCfg = Release|Any CPU
		{6F347569-6AAF-402A-8BE1-5B46E615B7F1}.Release|Any CPU.Build.0 = Release|Any CPU
		{B62350DD-6CBD-4D47-AD79-5F3B95DD646F}.Debug|Any CPU.ActiveCfg = Debug|Any CPU
		{B62350DD-6CBD-4D47-AD79-5F3B95DD646F}.Debug|Any CPU.Build.0 = Debug|Any CPU
		{B62350DD-6CBD-4D47-AD79-5F3B95DD646F}.Release|Any CPU.ActiveCfg = Release|Any CPU
		{B62350DD-6CBD-4D47-AD79-5F3B95DD646F}.Release|Any CPU.Build.0 = Release|Any CPU
		{78E4A9CC-E5EF-4F69-97B7-AD012C5D2F4F}.Debug|Any CPU.ActiveCfg = Debug|Any CPU
		{78E4A9CC-E5EF-4F69-97B7-AD012C5D2F4F}.Debug|Any CPU.Build.0 = Debug|Any CPU
		{78E4A9CC-E5EF-4F69-97B7-AD012C5D2F4F}.Release|Any CPU.ActiveCfg = Release|Any CPU
		{78E4A9CC-E5EF-4F69-97B7-AD012C5D2F4F}.Release|Any CPU.Build.0 = Release|Any CPU
		{D31DCDAA-1913-4237-9FF2-031C6E3B1CF3}.Debug|Any CPU.ActiveCfg = Debug|Any CPU
		{D31DCDAA-1913-4237-9FF2-031C6E3B1CF3}.Debug|Any CPU.Build.0 = Debug|Any CPU
		{D31DCDAA-1913-4237-9FF2-031C6E3B1CF3}.Release|Any CPU.ActiveCfg = Release|Any CPU
		{D31DCDAA-1913-4237-9FF2-031C6E3B1CF3}.Release|Any CPU.Build.0 = Release|Any CPU
		{D00F6AD3-E4EE-44CC-B2D6-B505A03BAB07}.Debug|Any CPU.ActiveCfg = Debug|Any CPU
		{D00F6AD3-E4EE-44CC-B2D6-B505A03BAB07}.Debug|Any CPU.Build.0 = Debug|Any CPU
		{D00F6AD3-E4EE-44CC-B2D6-B505A03BAB07}.Release|Any CPU.ActiveCfg = Release|Any CPU
		{D00F6AD3-E4EE-44CC-B2D6-B505A03BAB07}.Release|Any CPU.Build.0 = Release|Any CPU
		{C39F4D53-3A79-41F0-918A-46DA3C4FF82B}.Debug|Any CPU.ActiveCfg = Debug|Any CPU
		{C39F4D53-3A79-41F0-918A-46DA3C4FF82B}.Debug|Any CPU.Build.0 = Debug|Any CPU
		{C39F4D53-3A79-41F0-918A-46DA3C4FF82B}.Release|Any CPU.ActiveCfg = Release|Any CPU
		{C39F4D53-3A79-41F0-918A-46DA3C4FF82B}.Release|Any CPU.Build.0 = Release|Any CPU
		{B5753A03-8D27-4036-8B01-214C4A7278C8}.Debug|Any CPU.ActiveCfg = Debug|Any CPU
		{B5753A03-8D27-4036-8B01-214C4A7278C8}.Debug|Any CPU.Build.0 = Debug|Any CPU
		{B5753A03-8D27-4036-8B01-214C4A7278C8}.Release|Any CPU.ActiveCfg = Release|Any CPU
		{B5753A03-8D27-4036-8B01-214C4A7278C8}.Release|Any CPU.Build.0 = Release|Any CPU
		{82FE2F80-457E-47DD-BB0A-652297CF623D}.Debug|Any CPU.ActiveCfg = Debug|Any CPU
		{82FE2F80-457E-47DD-BB0A-652297CF623D}.Debug|Any CPU.Build.0 = Debug|Any CPU
		{82FE2F80-457E-47DD-BB0A-652297CF623D}.Release|Any CPU.ActiveCfg = Release|Any CPU
		{82FE2F80-457E-47DD-BB0A-652297CF623D}.Release|Any CPU.Build.0 = Release|Any CPU
		{A83C8B9C-2361-41E3-B084-BB72177DDB4D}.Debug|Any CPU.ActiveCfg = Debug|Any CPU
		{A83C8B9C-2361-41E3-B084-BB72177DDB4D}.Debug|Any CPU.Build.0 = Debug|Any CPU
		{A83C8B9C-2361-41E3-B084-BB72177DDB4D}.Release|Any CPU.ActiveCfg = Release|Any CPU
		{A83C8B9C-2361-41E3-B084-BB72177DDB4D}.Release|Any CPU.Build.0 = Release|Any CPU
		{577E5F8F-E950-47A7-A5B8-3C3E72348CB7}.Debug|Any CPU.ActiveCfg = Debug|Any CPU
		{577E5F8F-E950-47A7-A5B8-3C3E72348CB7}.Debug|Any CPU.Build.0 = Debug|Any CPU
		{577E5F8F-E950-47A7-A5B8-3C3E72348CB7}.Release|Any CPU.ActiveCfg = Release|Any CPU
		{577E5F8F-E950-47A7-A5B8-3C3E72348CB7}.Release|Any CPU.Build.0 = Release|Any CPU
		{F7FF777D-5CDD-442B-8E1C-73AA30E93205}.Debug|Any CPU.ActiveCfg = Debug|Any CPU
		{F7FF777D-5CDD-442B-8E1C-73AA30E93205}.Debug|Any CPU.Build.0 = Debug|Any CPU
		{F7FF777D-5CDD-442B-8E1C-73AA30E93205}.Release|Any CPU.ActiveCfg = Release|Any CPU
		{F7FF777D-5CDD-442B-8E1C-73AA30E93205}.Release|Any CPU.Build.0 = Release|Any CPU
		{C5AB59EF-0505-4ECF-B0C9-9202213C5575}.Debug|Any CPU.ActiveCfg = Debug|Any CPU
		{C5AB59EF-0505-4ECF-B0C9-9202213C5575}.Debug|Any CPU.Build.0 = Debug|Any CPU
		{C5AB59EF-0505-4ECF-B0C9-9202213C5575}.Release|Any CPU.ActiveCfg = Release|Any CPU
		{C5AB59EF-0505-4ECF-B0C9-9202213C5575}.Release|Any CPU.Build.0 = Release|Any CPU
		{7DB74A53-7011-40E5-BFC1-A32038EE2F7A}.Debug|Any CPU.ActiveCfg = Debug|Any CPU
		{7DB74A53-7011-40E5-BFC1-A32038EE2F7A}.Debug|Any CPU.Build.0 = Debug|Any CPU
		{7DB74A53-7011-40E5-BFC1-A32038EE2F7A}.Release|Any CPU.ActiveCfg = Release|Any CPU
		{7DB74A53-7011-40E5-BFC1-A32038EE2F7A}.Release|Any CPU.Build.0 = Release|Any CPU
		{6C892D76-1AFE-4B5F-BEF7-A200EC19566D}.Debug|Any CPU.ActiveCfg = Debug|Any CPU
		{6C892D76-1AFE-4B5F-BEF7-A200EC19566D}.Debug|Any CPU.Build.0 = Debug|Any CPU
		{6C892D76-1AFE-4B5F-BEF7-A200EC19566D}.Release|Any CPU.ActiveCfg = Release|Any CPU
		{6C892D76-1AFE-4B5F-BEF7-A200EC19566D}.Release|Any CPU.Build.0 = Release|Any CPU
		{020D9B1D-835A-47C0-A79A-F075D62E7CCD}.Debug|Any CPU.ActiveCfg = Debug|Any CPU
		{020D9B1D-835A-47C0-A79A-F075D62E7CCD}.Debug|Any CPU.Build.0 = Debug|Any CPU
		{020D9B1D-835A-47C0-A79A-F075D62E7CCD}.Release|Any CPU.ActiveCfg = Release|Any CPU
		{020D9B1D-835A-47C0-A79A-F075D62E7CCD}.Release|Any CPU.Build.0 = Release|Any CPU
		{0598170F-453B-4D85-9376-7169A576BED8}.Debug|Any CPU.ActiveCfg = Debug|Any CPU
		{0598170F-453B-4D85-9376-7169A576BED8}.Debug|Any CPU.Build.0 = Debug|Any CPU
		{0598170F-453B-4D85-9376-7169A576BED8}.Release|Any CPU.ActiveCfg = Release|Any CPU
		{0598170F-453B-4D85-9376-7169A576BED8}.Release|Any CPU.Build.0 = Release|Any CPU
		{0532CF1B-2B31-4952-9B7F-4A7598AD704B}.Debug|Any CPU.ActiveCfg = Debug|Any CPU
		{0532CF1B-2B31-4952-9B7F-4A7598AD704B}.Debug|Any CPU.Build.0 = Debug|Any CPU
		{0532CF1B-2B31-4952-9B7F-4A7598AD704B}.Release|Any CPU.ActiveCfg = Release|Any CPU
		{0532CF1B-2B31-4952-9B7F-4A7598AD704B}.Release|Any CPU.Build.0 = Release|Any CPU
		{8729CEC6-4A35-40F5-8406-FC80302924A4}.Debug|Any CPU.ActiveCfg = Debug|Any CPU
		{8729CEC6-4A35-40F5-8406-FC80302924A4}.Debug|Any CPU.Build.0 = Debug|Any CPU
		{8729CEC6-4A35-40F5-8406-FC80302924A4}.Release|Any CPU.ActiveCfg = Release|Any CPU
		{8729CEC6-4A35-40F5-8406-FC80302924A4}.Release|Any CPU.Build.0 = Release|Any CPU
		{A19FF560-AFCF-4325-B65A-E6D8C0B49470}.Debug|Any CPU.ActiveCfg = Debug|Any CPU
		{A19FF560-AFCF-4325-B65A-E6D8C0B49470}.Debug|Any CPU.Build.0 = Debug|Any CPU
		{A19FF560-AFCF-4325-B65A-E6D8C0B49470}.Release|Any CPU.ActiveCfg = Release|Any CPU
		{A19FF560-AFCF-4325-B65A-E6D8C0B49470}.Release|Any CPU.Build.0 = Release|Any CPU
		{4D189A02-50DA-4A0E-986B-3D0701054A8B}.Debug|Any CPU.ActiveCfg = Debug|Any CPU
		{4D189A02-50DA-4A0E-986B-3D0701054A8B}.Debug|Any CPU.Build.0 = Debug|Any CPU
		{4D189A02-50DA-4A0E-986B-3D0701054A8B}.Release|Any CPU.ActiveCfg = Release|Any CPU
		{4D189A02-50DA-4A0E-986B-3D0701054A8B}.Release|Any CPU.Build.0 = Release|Any CPU
		{D7A03A08-83C8-49D7-99D2-D68EF1E051ED}.Debug|Any CPU.ActiveCfg = Debug|Any CPU
		{D7A03A08-83C8-49D7-99D2-D68EF1E051ED}.Debug|Any CPU.Build.0 = Debug|Any CPU
		{D7A03A08-83C8-49D7-99D2-D68EF1E051ED}.Release|Any CPU.ActiveCfg = Release|Any CPU
		{D7A03A08-83C8-49D7-99D2-D68EF1E051ED}.Release|Any CPU.Build.0 = Release|Any CPU
		{0BF7B118-C2E2-4CDB-86B0-952BE25117C0}.Debug|Any CPU.ActiveCfg = Debug|Any CPU
		{0BF7B118-C2E2-4CDB-86B0-952BE25117C0}.Debug|Any CPU.Build.0 = Debug|Any CPU
		{0BF7B118-C2E2-4CDB-86B0-952BE25117C0}.Release|Any CPU.ActiveCfg = Release|Any CPU
		{0BF7B118-C2E2-4CDB-86B0-952BE25117C0}.Release|Any CPU.Build.0 = Release|Any CPU
		{571558E4-DE7F-4644-BD7A-7E20AE6C49D6}.Debug|Any CPU.ActiveCfg = Debug|Any CPU
		{571558E4-DE7F-4644-BD7A-7E20AE6C49D6}.Debug|Any CPU.Build.0 = Debug|Any CPU
		{571558E4-DE7F-4644-BD7A-7E20AE6C49D6}.Release|Any CPU.ActiveCfg = Release|Any CPU
		{571558E4-DE7F-4644-BD7A-7E20AE6C49D6}.Release|Any CPU.Build.0 = Release|Any CPU
		{2D024E9A-4F20-4BDD-B316-EF5BB64E0277}.Debug|Any CPU.ActiveCfg = Debug|Any CPU
		{2D024E9A-4F20-4BDD-B316-EF5BB64E0277}.Debug|Any CPU.Build.0 = Debug|Any CPU
		{2D024E9A-4F20-4BDD-B316-EF5BB64E0277}.Release|Any CPU.ActiveCfg = Release|Any CPU
		{2D024E9A-4F20-4BDD-B316-EF5BB64E0277}.Release|Any CPU.Build.0 = Release|Any CPU
		{34B81FC9-DBE3-42B1-A2B5-E1C51CB1935D}.Debug|Any CPU.ActiveCfg = Debug|Any CPU
		{34B81FC9-DBE3-42B1-A2B5-E1C51CB1935D}.Debug|Any CPU.Build.0 = Debug|Any CPU
		{34B81FC9-DBE3-42B1-A2B5-E1C51CB1935D}.Release|Any CPU.ActiveCfg = Release|Any CPU
		{34B81FC9-DBE3-42B1-A2B5-E1C51CB1935D}.Release|Any CPU.Build.0 = Release|Any CPU
		{BDBC8F4F-A85E-49B4-99A3-C265A9AA22BA}.Debug|Any CPU.ActiveCfg = Debug|Any CPU
		{BDBC8F4F-A85E-49B4-99A3-C265A9AA22BA}.Debug|Any CPU.Build.0 = Debug|Any CPU
		{BDBC8F4F-A85E-49B4-99A3-C265A9AA22BA}.Release|Any CPU.ActiveCfg = Release|Any CPU
		{BDBC8F4F-A85E-49B4-99A3-C265A9AA22BA}.Release|Any CPU.Build.0 = Release|Any CPU
		{E8299F22-6FA2-4F46-83F0-979EF4EBC42F}.Debug|Any CPU.ActiveCfg = Debug|Any CPU
		{E8299F22-6FA2-4F46-83F0-979EF4EBC42F}.Debug|Any CPU.Build.0 = Debug|Any CPU
		{E8299F22-6FA2-4F46-83F0-979EF4EBC42F}.Release|Any CPU.ActiveCfg = Release|Any CPU
		{E8299F22-6FA2-4F46-83F0-979EF4EBC42F}.Release|Any CPU.Build.0 = Release|Any CPU
		{5316D1D3-C380-40F2-94CA-24858CF69C13}.Debug|Any CPU.ActiveCfg = Debug|Any CPU
		{5316D1D3-C380-40F2-94CA-24858CF69C13}.Debug|Any CPU.Build.0 = Debug|Any CPU
		{5316D1D3-C380-40F2-94CA-24858CF69C13}.Release|Any CPU.ActiveCfg = Release|Any CPU
		{5316D1D3-C380-40F2-94CA-24858CF69C13}.Release|Any CPU.Build.0 = Release|Any CPU
		{BDFB38F6-DF7D-491B-99EC-E1410F9D3817}.Debug|Any CPU.ActiveCfg = Debug|Any CPU
		{BDFB38F6-DF7D-491B-99EC-E1410F9D3817}.Debug|Any CPU.Build.0 = Debug|Any CPU
		{BDFB38F6-DF7D-491B-99EC-E1410F9D3817}.Release|Any CPU.ActiveCfg = Release|Any CPU
		{BDFB38F6-DF7D-491B-99EC-E1410F9D3817}.Release|Any CPU.Build.0 = Release|Any CPU
		{96B3F540-4363-4643-B91B-FC2258C60F3F}.Debug|Any CPU.ActiveCfg = Debug|Any CPU
		{96B3F540-4363-4643-B91B-FC2258C60F3F}.Debug|Any CPU.Build.0 = Debug|Any CPU
		{96B3F540-4363-4643-B91B-FC2258C60F3F}.Release|Any CPU.ActiveCfg = Release|Any CPU
		{96B3F540-4363-4643-B91B-FC2258C60F3F}.Release|Any CPU.Build.0 = Release|Any CPU
		{62D9FB12-AC24-4317-8AD3-D47ABFB3AAE0}.Debug|Any CPU.ActiveCfg = Debug|Any CPU
		{62D9FB12-AC24-4317-8AD3-D47ABFB3AAE0}.Debug|Any CPU.Build.0 = Debug|Any CPU
		{62D9FB12-AC24-4317-8AD3-D47ABFB3AAE0}.Release|Any CPU.ActiveCfg = Release|Any CPU
		{62D9FB12-AC24-4317-8AD3-D47ABFB3AAE0}.Release|Any CPU.Build.0 = Release|Any CPU
		{30624414-D71F-4F84-B1D3-9A14BD66F8F5}.Debug|Any CPU.ActiveCfg = Debug|Any CPU
		{30624414-D71F-4F84-B1D3-9A14BD66F8F5}.Debug|Any CPU.Build.0 = Debug|Any CPU
		{30624414-D71F-4F84-B1D3-9A14BD66F8F5}.Release|Any CPU.ActiveCfg = Release|Any CPU
		{30624414-D71F-4F84-B1D3-9A14BD66F8F5}.Release|Any CPU.Build.0 = Release|Any CPU
		{3CF1F728-7484-4BEB-A7BC-FA41361B50CC}.Debug|Any CPU.ActiveCfg = Debug|Any CPU
		{3CF1F728-7484-4BEB-A7BC-FA41361B50CC}.Debug|Any CPU.Build.0 = Debug|Any CPU
		{3CF1F728-7484-4BEB-A7BC-FA41361B50CC}.Release|Any CPU.ActiveCfg = Release|Any CPU
		{3CF1F728-7484-4BEB-A7BC-FA41361B50CC}.Release|Any CPU.Build.0 = Release|Any CPU
		{9450F4B9-DADF-4389-AA59-457703C3371F}.Debug|Any CPU.ActiveCfg = Debug|Any CPU
		{9450F4B9-DADF-4389-AA59-457703C3371F}.Debug|Any CPU.Build.0 = Debug|Any CPU
		{9450F4B9-DADF-4389-AA59-457703C3371F}.Release|Any CPU.ActiveCfg = Release|Any CPU
		{9450F4B9-DADF-4389-AA59-457703C3371F}.Release|Any CPU.Build.0 = Release|Any CPU
		{D91302AF-CB90-4C2F-98E3-64ABA36EFE02}.Debug|Any CPU.ActiveCfg = Debug|Any CPU
		{D91302AF-CB90-4C2F-98E3-64ABA36EFE02}.Debug|Any CPU.Build.0 = Debug|Any CPU
		{D91302AF-CB90-4C2F-98E3-64ABA36EFE02}.Release|Any CPU.ActiveCfg = Release|Any CPU
		{D91302AF-CB90-4C2F-98E3-64ABA36EFE02}.Release|Any CPU.Build.0 = Release|Any CPU
	EndGlobalSection
	GlobalSection(SolutionProperties) = preSolution
		HideSolutionNode = FALSE
	EndGlobalSection
EndGlobal
